
Microsoft Visual Studio Solution File, Format Version 12.00
# Visual Studio 2012
Project("{FAE04EC0-301F-11D3-BF4B-00C04F79EFBC}") = "SCC.2014.05_1300875_LAC", "SCC.2014.05_1300875_LAC\SCC.2014.05_1300875_LAC.csproj", "{C7E2B2F3-8C68-4188-9F4A-4C658BE8F33F}"
EndProject
Project("{FAE04EC0-301F-11D3-BF4B-00C04F79EFBC}") = "UnitTest_LegalAmountConverter", "UnitTest.LegalAmountConverter\UnitTest_LegalAmountConverter.csproj", "{A8DAC43D-6D57-4968-9BE1-EAA59E7D1805}"
EndProject
Global
	GlobalSection(SolutionConfigurationPlatforms) = preSolution
		Debug|Any CPU = Debug|Any CPU
		Release|Any CPU = Release|Any CPU
	EndGlobalSection
	GlobalSection(ProjectConfigurationPlatforms) = postSolution
		{C7E2B2F3-8C68-4188-9F4A-4C658BE8F33F}.Debug|Any CPU.ActiveCfg = Debug|Any CPU
		{C7E2B2F3-8C68-4188-9F4A-4C658BE8F33F}.Debug|Any CPU.Build.0 = Debug|Any CPU
		{C7E2B2F3-8C68-4188-9F4A-4C658BE8F33F}.Release|Any CPU.ActiveCfg = Release|Any CPU
		{C7E2B2F3-8C68-4188-9F4A-4C658BE8F33F}.Release|Any CPU.Build.0 = Release|Any CPU
		{A8DAC43D-6D57-4968-9BE1-EAA59E7D1805}.Debug|Any CPU.ActiveCfg = Debug|Any CPU
		{A8DAC43D-6D57-4968-9BE1-EAA59E7D1805}.Debug|Any CPU.Build.0 = Debug|Any CPU
		{A8DAC43D-6D57-4968-9BE1-EAA59E7D1805}.Release|Any CPU.ActiveCfg = Release|Any CPU
		{A8DAC43D-6D57-4968-9BE1-EAA59E7D1805}.Release|Any CPU.Build.0 = Release|Any CPU
	EndGlobalSection
	GlobalSection(SolutionProperties) = preSolution
		HideSolutionNode = FALSE
	EndGlobalSection
EndGlobal
